// !$*UTF8*$!
{
	archiveVersion = 1;
	classes = {
	};
	objectVersion = 56;
	objects = {

/* Begin PBXBuildFile section */
		07D9AD63DA9FCC8CE62BED30 /* Pods_GeekWhat2Do.framework in Frameworks */ = {isa = PBXBuildFile; fileRef = FAA42F5563DEAADE59890C4E /* Pods_GeekWhat2Do.framework */; };
		47F39C6020497A7B94AFC133 /* Pods_GeekWhat2DoTests.framework in Frameworks */ = {isa = PBXBuildFile; fileRef = F500AB49AB02591F25D7A4AC /* Pods_GeekWhat2DoTests.framework */; };
		5B7DEC372707CBC2E395CB0E /* Pods_GeekWhat2Do_GeekWhat2DoUITests.framework in Frameworks */ = {isa = PBXBuildFile; fileRef = 0112EBD8EA76B2869398311E /* Pods_GeekWhat2Do_GeekWhat2DoUITests.framework */; };
		E12FA9DA2A74EB3C00F8CD43 /* chatDecode.swift in Sources */ = {isa = PBXBuildFile; fileRef = E12FA9D92A74EB3B00F8CD43 /* chatDecode.swift */; };
		E12FA9E82A765DF700F8CD43 /* APJapanesefont.ttf in Resources */ = {isa = PBXBuildFile; fileRef = E12FA9E72A765DF700F8CD43 /* APJapanesefont.ttf */; };
		E12FA9E92A76602600F8CD43 /* SendRequestViewController.swift in Sources */ = {isa = PBXBuildFile; fileRef = E12FA9DD2A75074B00F8CD43 /* SendRequestViewController.swift */; };
		E12FA9EB2A78932900F8CD43 /* RecordViewController.swift in Sources */ = {isa = PBXBuildFile; fileRef = E12FA9EA2A78932900F8CD43 /* RecordViewController.swift */; };
		E12FA9ED2A7899A000F8CD43 /* RecordTV_Cell.swift in Sources */ = {isa = PBXBuildFile; fileRef = E12FA9EC2A7899A000F8CD43 /* RecordTV_Cell.swift */; };
		E12FA9EF2A79F76900F8CD43 /* TabBarController.swift in Sources */ = {isa = PBXBuildFile; fileRef = E12FA9EE2A79F76900F8CD43 /* TabBarController.swift */; };
		E12FA9F72A7A5A1900F8CD43 /* RecordDetailViewController.swift in Sources */ = {isa = PBXBuildFile; fileRef = E12FA9F62A7A5A1900F8CD43 /* RecordDetailViewController.swift */; };
		E12FA9F92A7C96C900F8CD43 /* Firebase_Struct.swift in Sources */ = {isa = PBXBuildFile; fileRef = E12FA9F82A7C96C900F8CD43 /* Firebase_Struct.swift */; };
		E12FA9FB2A7EEED000F8CD43 /* TargetImageCell.swift in Sources */ = {isa = PBXBuildFile; fileRef = E12FA9FA2A7EEED000F8CD43 /* TargetImageCell.swift */; };
		E1593E682A70D62500B2B915 /* ChatViewController.swift in Sources */ = {isa = PBXBuildFile; fileRef = E1593E672A70D62500B2B915 /* ChatViewController.swift */; };
		E1739F682A88FCFE0095312A /* UserViewController.swift in Sources */ = {isa = PBXBuildFile; fileRef = E1739F672A88FCFE0095312A /* UserViewController.swift */; };
		E1739F6D2A89B0EE0095312A /* attendCell.swift in Sources */ = {isa = PBXBuildFile; fileRef = E1739F6C2A89B0EE0095312A /* attendCell.swift */; };
		E1739F6F2A89FD530095312A /* AttendDisplayViewController.swift in Sources */ = {isa = PBXBuildFile; fileRef = E1739F6E2A89FD530095312A /* AttendDisplayViewController.swift */; };
		E1739F712A8A00DF0095312A /* AttendDetailViewController.swift in Sources */ = {isa = PBXBuildFile; fileRef = E1739F702A8A00DF0095312A /* AttendDetailViewController.swift */; };
		E1739F732A8A2D0A0095312A /* ProductDisplayViewController.swift in Sources */ = {isa = PBXBuildFile; fileRef = E1739F722A8A2D0A0095312A /* ProductDisplayViewController.swift */; };
		E1739F752A8A2DA30095312A /* displayProductCell.swift in Sources */ = {isa = PBXBuildFile; fileRef = E1739F742A8A2DA30095312A /* displayProductCell.swift */; };
		E1739FBE2A8DC4F00095312A /* ContractHelloWorld.swift in Sources */ = {isa = PBXBuildFile; fileRef = E1739FBD2A8DC4F00095312A /* ContractHelloWorld.swift */; };
		E1B0D2152A8E598D00422B42 /* applyCompViewController.swift in Sources */ = {isa = PBXBuildFile; fileRef = E1B0D2142A8E598D00422B42 /* applyCompViewController.swift */; };
		E1C7D7E72A6D1D0100E901A0 /* AppDelegate.swift in Sources */ = {isa = PBXBuildFile; fileRef = E1C7D7E62A6D1D0100E901A0 /* AppDelegate.swift */; };
		E1C7D7E92A6D1D0100E901A0 /* SceneDelegate.swift in Sources */ = {isa = PBXBuildFile; fileRef = E1C7D7E82A6D1D0100E901A0 /* SceneDelegate.swift */; };
		E1C7D7EB2A6D1D0100E901A0 /* ViewWithAnimationViewController.swift in Sources */ = {isa = PBXBuildFile; fileRef = E1C7D7EA2A6D1D0100E901A0 /* ViewWithAnimationViewController.swift */; };
		E1C7D7F02A6D1D0500E901A0 /* Assets.xcassets in Resources */ = {isa = PBXBuildFile; fileRef = E1C7D7EF2A6D1D0500E901A0 /* Assets.xcassets */; };
		E1C7D7F32A6D1D0500E901A0 /* LaunchScreen.storyboard in Resources */ = {isa = PBXBuildFile; fileRef = E1C7D7F12A6D1D0500E901A0 /* LaunchScreen.storyboard */; };
		E1C7D7FE2A6D1D0500E901A0 /* GeekWhat2DoTests.swift in Sources */ = {isa = PBXBuildFile; fileRef = E1C7D7FD2A6D1D0500E901A0 /* GeekWhat2DoTests.swift */; };
		E1C7D8082A6D1D0500E901A0 /* GeekWhat2DoUITests.swift in Sources */ = {isa = PBXBuildFile; fileRef = E1C7D8072A6D1D0500E901A0 /* GeekWhat2DoUITests.swift */; };
		E1C7D80A2A6D1D0500E901A0 /* GeekWhat2DoUITestsLaunchTests.swift in Sources */ = {isa = PBXBuildFile; fileRef = E1C7D8092A6D1D0500E901A0 /* GeekWhat2DoUITestsLaunchTests.swift */; };
		E1C7D8172A6D444900E901A0 /* Rules.swift in Sources */ = {isa = PBXBuildFile; fileRef = E1C7D8162A6D444900E901A0 /* Rules.swift */; };
		E1C7D8572A6D58CF00E901A0 /* GoogleService-Info.plist in Resources */ = {isa = PBXBuildFile; fileRef = E1C7D8562A6D58CF00E901A0 /* GoogleService-Info.plist */; };
		E1C7D8592A6D5A8800E901A0 /* AuthViewController.swift in Sources */ = {isa = PBXBuildFile; fileRef = E1C7D8582A6D5A8800E901A0 /* AuthViewController.swift */; };
		E1C7D85F2A6E579D00E901A0 /* SignInViewController.swift in Sources */ = {isa = PBXBuildFile; fileRef = E1C7D85E2A6E579D00E901A0 /* SignInViewController.swift */; };
		E1C7D8612A6E626C00E901A0 /* ResetPWDViewController.swift in Sources */ = {isa = PBXBuildFile; fileRef = E1C7D8602A6E626C00E901A0 /* ResetPWDViewController.swift */; };
/* End PBXBuildFile section */

/* Begin PBXContainerItemProxy section */
		E1C7D7FA2A6D1D0500E901A0 /* PBXContainerItemProxy */ = {
			isa = PBXContainerItemProxy;
			containerPortal = E1C7D7DB2A6D1D0100E901A0 /* Project object */;
			proxyType = 1;
			remoteGlobalIDString = E1C7D7E22A6D1D0100E901A0;
			remoteInfo = GeekWhat2Do;
		};
		E1C7D8042A6D1D0500E901A0 /* PBXContainerItemProxy */ = {
			isa = PBXContainerItemProxy;
			containerPortal = E1C7D7DB2A6D1D0100E901A0 /* Project object */;
			proxyType = 1;
			remoteGlobalIDString = E1C7D7E22A6D1D0100E901A0;
			remoteInfo = GeekWhat2Do;
		};
/* End PBXContainerItemProxy section */

/* Begin PBXFileReference section */
		0112EBD8EA76B2869398311E /* Pods_GeekWhat2Do_GeekWhat2DoUITests.framework */ = {isa = PBXFileReference; explicitFileType = wrapper.framework; includeInIndex = 0; path = Pods_GeekWhat2Do_GeekWhat2DoUITests.framework; sourceTree = BUILT_PRODUCTS_DIR; };
		27C96C0C898111F2172EB15C /* Pods-GeekWhat2Do.debug.xcconfig */ = {isa = PBXFileReference; includeInIndex = 1; lastKnownFileType = text.xcconfig; name = "Pods-GeekWhat2Do.debug.xcconfig"; path = "Target Support Files/Pods-GeekWhat2Do/Pods-GeekWhat2Do.debug.xcconfig"; sourceTree = "<group>"; };
		A1A62D41356717BE19253A01 /* Pods-GeekWhat2Do-GeekWhat2DoUITests.debug.xcconfig */ = {isa = PBXFileReference; includeInIndex = 1; lastKnownFileType = text.xcconfig; name = "Pods-GeekWhat2Do-GeekWhat2DoUITests.debug.xcconfig"; path = "Target Support Files/Pods-GeekWhat2Do-GeekWhat2DoUITests/Pods-GeekWhat2Do-GeekWhat2DoUITests.debug.xcconfig"; sourceTree = "<group>"; };
		AB8423221CB818D551B22AED /* Pods-GeekWhat2DoTests.release.xcconfig */ = {isa = PBXFileReference; includeInIndex = 1; lastKnownFileType = text.xcconfig; name = "Pods-GeekWhat2DoTests.release.xcconfig"; path = "Target Support Files/Pods-GeekWhat2DoTests/Pods-GeekWhat2DoTests.release.xcconfig"; sourceTree = "<group>"; };
		E12FA9D92A74EB3B00F8CD43 /* chatDecode.swift */ = {isa = PBXFileReference; lastKnownFileType = sourcecode.swift; path = chatDecode.swift; sourceTree = "<group>"; };
		E12FA9DD2A75074B00F8CD43 /* SendRequestViewController.swift */ = {isa = PBXFileReference; lastKnownFileType = sourcecode.swift; path = SendRequestViewController.swift; sourceTree = "<group>"; };
		E12FA9E72A765DF700F8CD43 /* APJapanesefont.ttf */ = {isa = PBXFileReference; lastKnownFileType = file; path = APJapanesefont.ttf; sourceTree = "<group>"; };
		E12FA9EA2A78932900F8CD43 /* RecordViewController.swift */ = {isa = PBXFileReference; lastKnownFileType = sourcecode.swift; path = RecordViewController.swift; sourceTree = "<group>"; };
		E12FA9EC2A7899A000F8CD43 /* RecordTV_Cell.swift */ = {isa = PBXFileReference; lastKnownFileType = sourcecode.swift; path = RecordTV_Cell.swift; sourceTree = "<group>"; };
		E12FA9EE2A79F76900F8CD43 /* TabBarController.swift */ = {isa = PBXFileReference; lastKnownFileType = sourcecode.swift; path = TabBarController.swift; sourceTree = "<group>"; };
		E12FA9F62A7A5A1900F8CD43 /* RecordDetailViewController.swift */ = {isa = PBXFileReference; lastKnownFileType = sourcecode.swift; path = RecordDetailViewController.swift; sourceTree = "<group>"; };
		E12FA9F82A7C96C900F8CD43 /* Firebase_Struct.swift */ = {isa = PBXFileReference; lastKnownFileType = sourcecode.swift; path = Firebase_Struct.swift; sourceTree = "<group>"; };
		E12FA9FA2A7EEED000F8CD43 /* TargetImageCell.swift */ = {isa = PBXFileReference; lastKnownFileType = sourcecode.swift; path = TargetImageCell.swift; sourceTree = "<group>"; };
		E1593E672A70D62500B2B915 /* ChatViewController.swift */ = {isa = PBXFileReference; lastKnownFileType = sourcecode.swift; path = ChatViewController.swift; sourceTree = "<group>"; };
		E1739F672A88FCFE0095312A /* UserViewController.swift */ = {isa = PBXFileReference; lastKnownFileType = sourcecode.swift; path = UserViewController.swift; sourceTree = "<group>"; };
		E1739F6C2A89B0EE0095312A /* attendCell.swift */ = {isa = PBXFileReference; lastKnownFileType = sourcecode.swift; path = attendCell.swift; sourceTree = "<group>"; };
		E1739F6E2A89FD530095312A /* AttendDisplayViewController.swift */ = {isa = PBXFileReference; lastKnownFileType = sourcecode.swift; path = AttendDisplayViewController.swift; sourceTree = "<group>"; };
		E1739F702A8A00DF0095312A /* AttendDetailViewController.swift */ = {isa = PBXFileReference; lastKnownFileType = sourcecode.swift; path = AttendDetailViewController.swift; sourceTree = "<group>"; };
		E1739F722A8A2D0A0095312A /* ProductDisplayViewController.swift */ = {isa = PBXFileReference; lastKnownFileType = sourcecode.swift; path = ProductDisplayViewController.swift; sourceTree = "<group>"; };
		E1739F742A8A2DA30095312A /* displayProductCell.swift */ = {isa = PBXFileReference; lastKnownFileType = sourcecode.swift; path = displayProductCell.swift; sourceTree = "<group>"; };
		E1739FBD2A8DC4F00095312A /* ContractHelloWorld.swift */ = {isa = PBXFileReference; lastKnownFileType = sourcecode.swift; path = ContractHelloWorld.swift; sourceTree = "<group>"; };
		E1B0D2142A8E598D00422B42 /* applyCompViewController.swift */ = {isa = PBXFileReference; lastKnownFileType = sourcecode.swift; path = applyCompViewController.swift; sourceTree = "<group>"; };
		E1C7D7E32A6D1D0100E901A0 /* GeekWhat2Do.app */ = {isa = PBXFileReference; explicitFileType = wrapper.application; includeInIndex = 0; path = GeekWhat2Do.app; sourceTree = BUILT_PRODUCTS_DIR; };
		E1C7D7E62A6D1D0100E901A0 /* AppDelegate.swift */ = {isa = PBXFileReference; lastKnownFileType = sourcecode.swift; path = AppDelegate.swift; sourceTree = "<group>"; };
		E1C7D7E82A6D1D0100E901A0 /* SceneDelegate.swift */ = {isa = PBXFileReference; lastKnownFileType = sourcecode.swift; path = SceneDelegate.swift; sourceTree = "<group>"; };
		E1C7D7EA2A6D1D0100E901A0 /* ViewWithAnimationViewController.swift */ = {isa = PBXFileReference; lastKnownFileType = sourcecode.swift; path = ViewWithAnimationViewController.swift; sourceTree = "<group>"; };
		E1C7D7EF2A6D1D0500E901A0 /* Assets.xcassets */ = {isa = PBXFileReference; lastKnownFileType = folder.assetcatalog; path = Assets.xcassets; sourceTree = "<group>"; };
		E1C7D7F22A6D1D0500E901A0 /* Base */ = {isa = PBXFileReference; lastKnownFileType = file.storyboard; name = Base; path = Base.lproj/LaunchScreen.storyboard; sourceTree = "<group>"; };
		E1C7D7F42A6D1D0500E901A0 /* Info.plist */ = {isa = PBXFileReference; lastKnownFileType = text.plist.xml; path = Info.plist; sourceTree = "<group>"; };
		E1C7D7F92A6D1D0500E901A0 /* GeekWhat2DoTests.xctest */ = {isa = PBXFileReference; explicitFileType = wrapper.cfbundle; includeInIndex = 0; path = GeekWhat2DoTests.xctest; sourceTree = BUILT_PRODUCTS_DIR; };
		E1C7D7FD2A6D1D0500E901A0 /* GeekWhat2DoTests.swift */ = {isa = PBXFileReference; lastKnownFileType = sourcecode.swift; path = GeekWhat2DoTests.swift; sourceTree = "<group>"; };
		E1C7D8032A6D1D0500E901A0 /* GeekWhat2DoUITests.xctest */ = {isa = PBXFileReference; explicitFileType = wrapper.cfbundle; includeInIndex = 0; path = GeekWhat2DoUITests.xctest; sourceTree = BUILT_PRODUCTS_DIR; };
		E1C7D8072A6D1D0500E901A0 /* GeekWhat2DoUITests.swift */ = {isa = PBXFileReference; lastKnownFileType = sourcecode.swift; path = GeekWhat2DoUITests.swift; sourceTree = "<group>"; };
		E1C7D8092A6D1D0500E901A0 /* GeekWhat2DoUITestsLaunchTests.swift */ = {isa = PBXFileReference; lastKnownFileType = sourcecode.swift; path = GeekWhat2DoUITestsLaunchTests.swift; sourceTree = "<group>"; };
		E1C7D8162A6D444900E901A0 /* Rules.swift */ = {isa = PBXFileReference; lastKnownFileType = sourcecode.swift; path = Rules.swift; sourceTree = "<group>"; };
		E1C7D8562A6D58CF00E901A0 /* GoogleService-Info.plist */ = {isa = PBXFileReference; fileEncoding = 4; lastKnownFileType = text.plist.xml; name = "GoogleService-Info.plist"; path = "../../../Downloads/GoogleService-Info.plist"; sourceTree = "<group>"; };
		E1C7D8582A6D5A8800E901A0 /* AuthViewController.swift */ = {isa = PBXFileReference; lastKnownFileType = sourcecode.swift; path = AuthViewController.swift; sourceTree = "<group>"; };
		E1C7D85E2A6E579D00E901A0 /* SignInViewController.swift */ = {isa = PBXFileReference; lastKnownFileType = sourcecode.swift; path = SignInViewController.swift; sourceTree = "<group>"; };
		E1C7D8602A6E626C00E901A0 /* ResetPWDViewController.swift */ = {isa = PBXFileReference; lastKnownFileType = sourcecode.swift; path = ResetPWDViewController.swift; sourceTree = "<group>"; };
		EBDBD3694C60FA7599538410 /* Pods-GeekWhat2DoTests.debug.xcconfig */ = {isa = PBXFileReference; includeInIndex = 1; lastKnownFileType = text.xcconfig; name = "Pods-GeekWhat2DoTests.debug.xcconfig"; path = "Target Support Files/Pods-GeekWhat2DoTests/Pods-GeekWhat2DoTests.debug.xcconfig"; sourceTree = "<group>"; };
		EF8E7A75D0FF680BC4ABCF2D /* Pods-GeekWhat2Do-GeekWhat2DoUITests.release.xcconfig */ = {isa = PBXFileReference; includeInIndex = 1; lastKnownFileType = text.xcconfig; name = "Pods-GeekWhat2Do-GeekWhat2DoUITests.release.xcconfig"; path = "Target Support Files/Pods-GeekWhat2Do-GeekWhat2DoUITests/Pods-GeekWhat2Do-GeekWhat2DoUITests.release.xcconfig"; sourceTree = "<group>"; };
		F500AB49AB02591F25D7A4AC /* Pods_GeekWhat2DoTests.framework */ = {isa = PBXFileReference; explicitFileType = wrapper.framework; includeInIndex = 0; path = Pods_GeekWhat2DoTests.framework; sourceTree = BUILT_PRODUCTS_DIR; };
		FAA42F5563DEAADE59890C4E /* Pods_GeekWhat2Do.framework */ = {isa = PBXFileReference; explicitFileType = wrapper.framework; includeInIndex = 0; path = Pods_GeekWhat2Do.framework; sourceTree = BUILT_PRODUCTS_DIR; };
		FECC2CB3F0B6BADA631E5DF1 /* Pods-GeekWhat2Do.release.xcconfig */ = {isa = PBXFileReference; includeInIndex = 1; lastKnownFileType = text.xcconfig; name = "Pods-GeekWhat2Do.release.xcconfig"; path = "Target Support Files/Pods-GeekWhat2Do/Pods-GeekWhat2Do.release.xcconfig"; sourceTree = "<group>"; };
/* End PBXFileReference section */

/* Begin PBXFrameworksBuildPhase section */
		E1C7D7E02A6D1D0100E901A0 /* Frameworks */ = {
			isa = PBXFrameworksBuildPhase;
			buildActionMask = 2147483647;
			files = (
				07D9AD63DA9FCC8CE62BED30 /* Pods_GeekWhat2Do.framework in Frameworks */,
			);
			runOnlyForDeploymentPostprocessing = 0;
		};
		E1C7D7F62A6D1D0500E901A0 /* Frameworks */ = {
			isa = PBXFrameworksBuildPhase;
			buildActionMask = 2147483647;
			files = (
				47F39C6020497A7B94AFC133 /* Pods_GeekWhat2DoTests.framework in Frameworks */,
			);
			runOnlyForDeploymentPostprocessing = 0;
		};
		E1C7D8002A6D1D0500E901A0 /* Frameworks */ = {
			isa = PBXFrameworksBuildPhase;
			buildActionMask = 2147483647;
			files = (
				5B7DEC372707CBC2E395CB0E /* Pods_GeekWhat2Do_GeekWhat2DoUITests.framework in Frameworks */,
			);
			runOnlyForDeploymentPostprocessing = 0;
		};
/* End PBXFrameworksBuildPhase section */

/* Begin PBXGroup section */
		107E66A2223650CDF969FAE5 /* Pods */ = {
			isa = PBXGroup;
			children = (
				27C96C0C898111F2172EB15C /* Pods-GeekWhat2Do.debug.xcconfig */,
				FECC2CB3F0B6BADA631E5DF1 /* Pods-GeekWhat2Do.release.xcconfig */,
				A1A62D41356717BE19253A01 /* Pods-GeekWhat2Do-GeekWhat2DoUITests.debug.xcconfig */,
				EF8E7A75D0FF680BC4ABCF2D /* Pods-GeekWhat2Do-GeekWhat2DoUITests.release.xcconfig */,
				EBDBD3694C60FA7599538410 /* Pods-GeekWhat2DoTests.debug.xcconfig */,
				AB8423221CB818D551B22AED /* Pods-GeekWhat2DoTests.release.xcconfig */,
			);
			path = Pods;
			sourceTree = "<group>";
		};
		D779DA96DB3CF39B2C70F1FA /* Frameworks */ = {
			isa = PBXGroup;
			children = (
				FAA42F5563DEAADE59890C4E /* Pods_GeekWhat2Do.framework */,
				0112EBD8EA76B2869398311E /* Pods_GeekWhat2Do_GeekWhat2DoUITests.framework */,
				F500AB49AB02591F25D7A4AC /* Pods_GeekWhat2DoTests.framework */,
			);
			name = Frameworks;
			sourceTree = "<group>";
		};
		E12FA9E62A765DDA00F8CD43 /* Fonts */ = {
			isa = PBXGroup;
			children = (
				E12FA9E72A765DF700F8CD43 /* APJapanesefont.ttf */,
			);
			path = Fonts;
			sourceTree = "<group>";
		};
		E12FA9F12A7A36E900F8CD43 /* Authenticate */ = {
			isa = PBXGroup;
			children = (
				E1C7D8582A6D5A8800E901A0 /* AuthViewController.swift */,
				E1C7D85E2A6E579D00E901A0 /* SignInViewController.swift */,
				E1C7D8602A6E626C00E901A0 /* ResetPWDViewController.swift */,
			);
			path = Authenticate;
			sourceTree = "<group>";
		};
		E12FA9F22A7A370300F8CD43 /* Request */ = {
			isa = PBXGroup;
			children = (
				E12FA9DD2A75074B00F8CD43 /* SendRequestViewController.swift */,
				E1593E672A70D62500B2B915 /* ChatViewController.swift */,
			);
			path = Request;
			sourceTree = "<group>";
		};
		E12FA9F32A7A372000F8CD43 /* Record */ = {
			isa = PBXGroup;
			children = (
				E12FA9EA2A78932900F8CD43 /* RecordViewController.swift */,
				E12FA9EC2A7899A000F8CD43 /* RecordTV_Cell.swift */,
				E12FA9F62A7A5A1900F8CD43 /* RecordDetailViewController.swift */,
				E12FA9FA2A7EEED000F8CD43 /* TargetImageCell.swift */,
			);
			path = Record;
			sourceTree = "<group>";
		};
		E1739FB82A8DBF460095312A /* web3 */ = {
			isa = PBXGroup;
			children = (
				E1739FBD2A8DC4F00095312A /* ContractHelloWorld.swift */,
			);
			path = web3;
			sourceTree = "<group>";
		};
		E1C7D7DA2A6D1D0100E901A0 = {
			isa = PBXGroup;
			children = (
				E1C7D7E52A6D1D0100E901A0 /* GeekWhat2Do */,
				E1C7D7FC2A6D1D0500E901A0 /* GeekWhat2DoTests */,
				E1C7D8062A6D1D0500E901A0 /* GeekWhat2DoUITests */,
				E1C7D7E42A6D1D0100E901A0 /* Products */,
				107E66A2223650CDF969FAE5 /* Pods */,
				D779DA96DB3CF39B2C70F1FA /* Frameworks */,
			);
			sourceTree = "<group>";
		};
		E1C7D7E42A6D1D0100E901A0 /* Products */ = {
			isa = PBXGroup;
			children = (
				E1C7D7E32A6D1D0100E901A0 /* GeekWhat2Do.app */,
				E1C7D7F92A6D1D0500E901A0 /* GeekWhat2DoTests.xctest */,
				E1C7D8032A6D1D0500E901A0 /* GeekWhat2DoUITests.xctest */,
			);
			name = Products;
			sourceTree = "<group>";
		};
		E1C7D7E52A6D1D0100E901A0 /* GeekWhat2Do */ = {
			isa = PBXGroup;
			children = (
				E1C7D7E62A6D1D0100E901A0 /* AppDelegate.swift */,
				E1C7D7E82A6D1D0100E901A0 /* SceneDelegate.swift */,
				E12FA9EE2A79F76900F8CD43 /* TabBarController.swift */,
				E12FA9F82A7C96C900F8CD43 /* Firebase_Struct.swift */,
				E12FA9F12A7A36E900F8CD43 /* Authenticate */,
				E12FA9F22A7A370300F8CD43 /* Request */,
				E12FA9F32A7A372000F8CD43 /* Record */,
				E1C7D8162A6D444900E901A0 /* Rules.swift */,
				E1739F672A88FCFE0095312A /* UserViewController.swift */,
				E1739F6E2A89FD530095312A /* AttendDisplayViewController.swift */,
				E1739F702A8A00DF0095312A /* AttendDetailViewController.swift */,
				E1739F6C2A89B0EE0095312A /* attendCell.swift */,
				E1739F722A8A2D0A0095312A /* ProductDisplayViewController.swift */,
				E1739F742A8A2DA30095312A /* displayProductCell.swift */,
				E1B0D2142A8E598D00422B42 /* applyCompViewController.swift */,
				E12FA9D92A74EB3B00F8CD43 /* chatDecode.swift */,
				E1C7D7EA2A6D1D0100E901A0 /* ViewWithAnimationViewController.swift */,
				E1739FB82A8DBF460095312A /* web3 */,
				E1C7D7EF2A6D1D0500E901A0 /* Assets.xcassets */,
				E12FA9E62A765DDA00F8CD43 /* Fonts */,
				E1C7D7F12A6D1D0500E901A0 /* LaunchScreen.storyboard */,
				E1C7D7F42A6D1D0500E901A0 /* Info.plist */,
				E1C7D8562A6D58CF00E901A0 /* GoogleService-Info.plist */,
			);
			path = GeekWhat2Do;
			sourceTree = "<group>";
		};
		E1C7D7FC2A6D1D0500E901A0 /* GeekWhat2DoTests */ = {
			isa = PBXGroup;
			children = (
				E1C7D7FD2A6D1D0500E901A0 /* GeekWhat2DoTests.swift */,
			);
			path = GeekWhat2DoTests;
			sourceTree = "<group>";
		};
		E1C7D8062A6D1D0500E901A0 /* GeekWhat2DoUITests */ = {
			isa = PBXGroup;
			children = (
				E1C7D8072A6D1D0500E901A0 /* GeekWhat2DoUITests.swift */,
				E1C7D8092A6D1D0500E901A0 /* GeekWhat2DoUITestsLaunchTests.swift */,
			);
			path = GeekWhat2DoUITests;
			sourceTree = "<group>";
		};
/* End PBXGroup section */

/* Begin PBXNativeTarget section */
		E1C7D7E22A6D1D0100E901A0 /* GeekWhat2Do */ = {
			isa = PBXNativeTarget;
			buildConfigurationList = E1C7D80D2A6D1D0500E901A0 /* Build configuration list for PBXNativeTarget "GeekWhat2Do" */;
			buildPhases = (
				ACEB72E760747B273CAC09E0 /* [CP] Check Pods Manifest.lock */,
				E1C7D7DF2A6D1D0100E901A0 /* Sources */,
				E1C7D7E02A6D1D0100E901A0 /* Frameworks */,
				E1C7D7E12A6D1D0100E901A0 /* Resources */,
				6DAB589DC5C7BE8947529AA3 /* [CP] Embed Pods Frameworks */,
			);
			buildRules = (
			);
			dependencies = (
			);
			name = GeekWhat2Do;
			productName = GeekWhat2Do;
			productReference = E1C7D7E32A6D1D0100E901A0 /* GeekWhat2Do.app */;
			productType = "com.apple.product-type.application";
		};
		E1C7D7F82A6D1D0500E901A0 /* GeekWhat2DoTests */ = {
			isa = PBXNativeTarget;
			buildConfigurationList = E1C7D8102A6D1D0500E901A0 /* Build configuration list for PBXNativeTarget "GeekWhat2DoTests" */;
			buildPhases = (
				271E1240917C5A6B1522F77C /* [CP] Check Pods Manifest.lock */,
				E1C7D7F52A6D1D0500E901A0 /* Sources */,
				E1C7D7F62A6D1D0500E901A0 /* Frameworks */,
				E1C7D7F72A6D1D0500E901A0 /* Resources */,
			);
			buildRules = (
			);
			dependencies = (
				E1C7D7FB2A6D1D0500E901A0 /* PBXTargetDependency */,
			);
			name = GeekWhat2DoTests;
			productName = GeekWhat2DoTests;
			productReference = E1C7D7F92A6D1D0500E901A0 /* GeekWhat2DoTests.xctest */;
			productType = "com.apple.product-type.bundle.unit-test";
		};
		E1C7D8022A6D1D0500E901A0 /* GeekWhat2DoUITests */ = {
			isa = PBXNativeTarget;
			buildConfigurationList = E1C7D8132A6D1D0500E901A0 /* Build configuration list for PBXNativeTarget "GeekWhat2DoUITests" */;
			buildPhases = (
				89D92656DBA267D76DE010FD /* [CP] Check Pods Manifest.lock */,
				E1C7D7FF2A6D1D0500E901A0 /* Sources */,
				E1C7D8002A6D1D0500E901A0 /* Frameworks */,
				E1C7D8012A6D1D0500E901A0 /* Resources */,
				B4C94A94F1DD9B9CF7C72DB9 /* [CP] Embed Pods Frameworks */,
			);
			buildRules = (
			);
			dependencies = (
				E1C7D8052A6D1D0500E901A0 /* PBXTargetDependency */,
			);
			name = GeekWhat2DoUITests;
			productName = GeekWhat2DoUITests;
			productReference = E1C7D8032A6D1D0500E901A0 /* GeekWhat2DoUITests.xctest */;
			productType = "com.apple.product-type.bundle.ui-testing";
		};
/* End PBXNativeTarget section */

/* Begin PBXProject section */
		E1C7D7DB2A6D1D0100E901A0 /* Project object */ = {
			isa = PBXProject;
			attributes = {
				BuildIndependentTargetsInParallel = 1;
				LastSwiftUpdateCheck = 1430;
				LastUpgradeCheck = 1430;
				TargetAttributes = {
					E1C7D7E22A6D1D0100E901A0 = {
						CreatedOnToolsVersion = 14.3.1;
					};
					E1C7D7F82A6D1D0500E901A0 = {
						CreatedOnToolsVersion = 14.3.1;
						TestTargetID = E1C7D7E22A6D1D0100E901A0;
					};
					E1C7D8022A6D1D0500E901A0 = {
						CreatedOnToolsVersion = 14.3.1;
						TestTargetID = E1C7D7E22A6D1D0100E901A0;
					};
				};
			};
			buildConfigurationList = E1C7D7DE2A6D1D0100E901A0 /* Build configuration list for PBXProject "GeekWhat2Do" */;
			compatibilityVersion = "Xcode 14.0";
			developmentRegion = en;
			hasScannedForEncodings = 0;
			knownRegions = (
				en,
				Base,
			);
			mainGroup = E1C7D7DA2A6D1D0100E901A0;
			productRefGroup = E1C7D7E42A6D1D0100E901A0 /* Products */;
			projectDirPath = "";
			projectRoot = "";
			targets = (
				E1C7D7E22A6D1D0100E901A0 /* GeekWhat2Do */,
				E1C7D7F82A6D1D0500E901A0 /* GeekWhat2DoTests */,
				E1C7D8022A6D1D0500E901A0 /* GeekWhat2DoUITests */,
			);
		};
/* End PBXProject section */

/* Begin PBXResourcesBuildPhase section */
		E1C7D7E12A6D1D0100E901A0 /* Resources */ = {
			isa = PBXResourcesBuildPhase;
			buildActionMask = 2147483647;
			files = (
				E1C7D7F32A6D1D0500E901A0 /* LaunchScreen.storyboard in Resources */,
				E12FA9E82A765DF700F8CD43 /* APJapanesefont.ttf in Resources */,
				E1C7D7F02A6D1D0500E901A0 /* Assets.xcassets in Resources */,
				E1C7D8572A6D58CF00E901A0 /* GoogleService-Info.plist in Resources */,
			);
			runOnlyForDeploymentPostprocessing = 0;
		};
		E1C7D7F72A6D1D0500E901A0 /* Resources */ = {
			isa = PBXResourcesBuildPhase;
			buildActionMask = 2147483647;
			files = (
			);
			runOnlyForDeploymentPostprocessing = 0;
		};
		E1C7D8012A6D1D0500E901A0 /* Resources */ = {
			isa = PBXResourcesBuildPhase;
			buildActionMask = 2147483647;
			files = (
			);
			runOnlyForDeploymentPostprocessing = 0;
		};
/* End PBXResourcesBuildPhase section */

/* Begin PBXShellScriptBuildPhase section */
		271E1240917C5A6B1522F77C /* [CP] Check Pods Manifest.lock */ = {
			isa = PBXShellScriptBuildPhase;
			buildActionMask = 2147483647;
			files = (
			);
			inputFileListPaths = (
			);
			inputPaths = (
				"${PODS_PODFILE_DIR_PATH}/Podfile.lock",
				"${PODS_ROOT}/Manifest.lock",
			);
			name = "[CP] Check Pods Manifest.lock";
			outputFileListPaths = (
			);
			outputPaths = (
				"$(DERIVED_FILE_DIR)/Pods-GeekWhat2DoTests-checkManifestLockResult.txt",
			);
			runOnlyForDeploymentPostprocessing = 0;
			shellPath = /bin/sh;
			shellScript = "diff \"${PODS_PODFILE_DIR_PATH}/Podfile.lock\" \"${PODS_ROOT}/Manifest.lock\" > /dev/null\nif [ $? != 0 ] ; then\n    # print error to STDERR\n    echo \"error: The sandbox is not in sync with the Podfile.lock. Run 'pod install' or update your CocoaPods installation.\" >&2\n    exit 1\nfi\n# This output is used by Xcode 'outputs' to avoid re-running this script phase.\necho \"SUCCESS\" > \"${SCRIPT_OUTPUT_FILE_0}\"\n";
			showEnvVarsInLog = 0;
		};
		6DAB589DC5C7BE8947529AA3 /* [CP] Embed Pods Frameworks */ = {
			isa = PBXShellScriptBuildPhase;
			buildActionMask = 2147483647;
			files = (
			);
			inputFileListPaths = (
				"${PODS_ROOT}/Target Support Files/Pods-GeekWhat2Do/Pods-GeekWhat2Do-frameworks-${CONFIGURATION}-input-files.xcfilelist",
			);
			name = "[CP] Embed Pods Frameworks";
			outputFileListPaths = (
				"${PODS_ROOT}/Target Support Files/Pods-GeekWhat2Do/Pods-GeekWhat2Do-frameworks-${CONFIGURATION}-output-files.xcfilelist",
			);
			runOnlyForDeploymentPostprocessing = 0;
			shellPath = /bin/sh;
			shellScript = "\"${PODS_ROOT}/Target Support Files/Pods-GeekWhat2Do/Pods-GeekWhat2Do-frameworks.sh\"\n";
			showEnvVarsInLog = 0;
		};
		89D92656DBA267D76DE010FD /* [CP] Check Pods Manifest.lock */ = {
			isa = PBXShellScriptBuildPhase;
			buildActionMask = 2147483647;
			files = (
			);
			inputFileListPaths = (
			);
			inputPaths = (
				"${PODS_PODFILE_DIR_PATH}/Podfile.lock",
				"${PODS_ROOT}/Manifest.lock",
			);
			name = "[CP] Check Pods Manifest.lock";
			outputFileListPaths = (
			);
			outputPaths = (
				"$(DERIVED_FILE_DIR)/Pods-GeekWhat2Do-GeekWhat2DoUITests-checkManifestLockResult.txt",
			);
			runOnlyForDeploymentPostprocessing = 0;
			shellPath = /bin/sh;
			shellScript = "diff \"${PODS_PODFILE_DIR_PATH}/Podfile.lock\" \"${PODS_ROOT}/Manifest.lock\" > /dev/null\nif [ $? != 0 ] ; then\n    # print error to STDERR\n    echo \"error: The sandbox is not in sync with the Podfile.lock. Run 'pod install' or update your CocoaPods installation.\" >&2\n    exit 1\nfi\n# This output is used by Xcode 'outputs' to avoid re-running this script phase.\necho \"SUCCESS\" > \"${SCRIPT_OUTPUT_FILE_0}\"\n";
			showEnvVarsInLog = 0;
		};
		ACEB72E760747B273CAC09E0 /* [CP] Check Pods Manifest.lock */ = {
			isa = PBXShellScriptBuildPhase;
			buildActionMask = 2147483647;
			files = (
			);
			inputFileListPaths = (
			);
			inputPaths = (
				"${PODS_PODFILE_DIR_PATH}/Podfile.lock",
				"${PODS_ROOT}/Manifest.lock",
			);
			name = "[CP] Check Pods Manifest.lock";
			outputFileListPaths = (
			);
			outputPaths = (
				"$(DERIVED_FILE_DIR)/Pods-GeekWhat2Do-checkManifestLockResult.txt",
			);
			runOnlyForDeploymentPostprocessing = 0;
			shellPath = /bin/sh;
			shellScript = "diff \"${PODS_PODFILE_DIR_PATH}/Podfile.lock\" \"${PODS_ROOT}/Manifest.lock\" > /dev/null\nif [ $? != 0 ] ; then\n    # print error to STDERR\n    echo \"error: The sandbox is not in sync with the Podfile.lock. Run 'pod install' or update your CocoaPods installation.\" >&2\n    exit 1\nfi\n# This output is used by Xcode 'outputs' to avoid re-running this script phase.\necho \"SUCCESS\" > \"${SCRIPT_OUTPUT_FILE_0}\"\n";
			showEnvVarsInLog = 0;
		};
		B4C94A94F1DD9B9CF7C72DB9 /* [CP] Embed Pods Frameworks */ = {
			isa = PBXShellScriptBuildPhase;
			buildActionMask = 2147483647;
			files = (
			);
			inputFileListPaths = (
				"${PODS_ROOT}/Target Support Files/Pods-GeekWhat2Do-GeekWhat2DoUITests/Pods-GeekWhat2Do-GeekWhat2DoUITests-frameworks-${CONFIGURATION}-input-files.xcfilelist",
			);
			name = "[CP] Embed Pods Frameworks";
			outputFileListPaths = (
				"${PODS_ROOT}/Target Support Files/Pods-GeekWhat2Do-GeekWhat2DoUITests/Pods-GeekWhat2Do-GeekWhat2DoUITests-frameworks-${CONFIGURATION}-output-files.xcfilelist",
			);
			runOnlyForDeploymentPostprocessing = 0;
			shellPath = /bin/sh;
			shellScript = "\"${PODS_ROOT}/Target Support Files/Pods-GeekWhat2Do-GeekWhat2DoUITests/Pods-GeekWhat2Do-GeekWhat2DoUITests-frameworks.sh\"\n";
			showEnvVarsInLog = 0;
		};
/* End PBXShellScriptBuildPhase section */

/* Begin PBXSourcesBuildPhase section */
		E1C7D7DF2A6D1D0100E901A0 /* Sources */ = {
			isa = PBXSourcesBuildPhase;
			buildActionMask = 2147483647;
			files = (
				E12FA9DA2A74EB3C00F8CD43 /* chatDecode.swift in Sources */,
				E1C7D7EB2A6D1D0100E901A0 /* ViewWithAnimationViewController.swift in Sources */,
				E1739F712A8A00DF0095312A /* AttendDetailViewController.swift in Sources */,
				E1C7D8172A6D444900E901A0 /* Rules.swift in Sources */,
				E1B0D2152A8E598D00422B42 /* applyCompViewController.swift in Sources */,
				E12FA9EB2A78932900F8CD43 /* RecordViewController.swift in Sources */,
				E12FA9E92A76602600F8CD43 /* SendRequestViewController.swift in Sources */,
				E1739F682A88FCFE0095312A /* UserViewController.swift in Sources */,
				E12FA9F92A7C96C900F8CD43 /* Firebase_Struct.swift in Sources */,
				E1739FBE2A8DC4F00095312A /* ContractHelloWorld.swift in Sources */,
				E1593E682A70D62500B2B915 /* ChatViewController.swift in Sources */,
				E12FA9ED2A7899A000F8CD43 /* RecordTV_Cell.swift in Sources */,
				E1739F752A8A2DA30095312A /* displayProductCell.swift in Sources */,
				E1739F6D2A89B0EE0095312A /* attendCell.swift in Sources */,
				E1C7D85F2A6E579D00E901A0 /* SignInViewController.swift in Sources */,
				E1C7D8592A6D5A8800E901A0 /* AuthViewController.swift in Sources */,
				E1C7D8612A6E626C00E901A0 /* ResetPWDViewController.swift in Sources */,
				E1739F732A8A2D0A0095312A /* ProductDisplayViewController.swift in Sources */,
				E1739F6F2A89FD530095312A /* AttendDisplayViewController.swift in Sources */,
				E12FA9FB2A7EEED000F8CD43 /* TargetImageCell.swift in Sources */,
				E12FA9EF2A79F76900F8CD43 /* TabBarController.swift in Sources */,
				E12FA9F72A7A5A1900F8CD43 /* RecordDetailViewController.swift in Sources */,
				E1C7D7E72A6D1D0100E901A0 /* AppDelegate.swift in Sources */,
				E1C7D7E92A6D1D0100E901A0 /* SceneDelegate.swift in Sources */,
			);
			runOnlyForDeploymentPostprocessing = 0;
		};
		E1C7D7F52A6D1D0500E901A0 /* Sources */ = {
			isa = PBXSourcesBuildPhase;
			buildActionMask = 2147483647;
			files = (
				E1C7D7FE2A6D1D0500E901A0 /* GeekWhat2DoTests.swift in Sources */,
			);
			runOnlyForDeploymentPostprocessing = 0;
		};
		E1C7D7FF2A6D1D0500E901A0 /* Sources */ = {
			isa = PBXSourcesBuildPhase;
			buildActionMask = 2147483647;
			files = (
				E1C7D80A2A6D1D0500E901A0 /* GeekWhat2DoUITestsLaunchTests.swift in Sources */,
				E1C7D8082A6D1D0500E901A0 /* GeekWhat2DoUITests.swift in Sources */,
			);
			runOnlyForDeploymentPostprocessing = 0;
		};
/* End PBXSourcesBuildPhase section */

/* Begin PBXTargetDependency section */
		E1C7D7FB2A6D1D0500E901A0 /* PBXTargetDependency */ = {
			isa = PBXTargetDependency;
			target = E1C7D7E22A6D1D0100E901A0 /* GeekWhat2Do */;
			targetProxy = E1C7D7FA2A6D1D0500E901A0 /* PBXContainerItemProxy */;
		};
		E1C7D8052A6D1D0500E901A0 /* PBXTargetDependency */ = {
			isa = PBXTargetDependency;
			target = E1C7D7E22A6D1D0100E901A0 /* GeekWhat2Do */;
			targetProxy = E1C7D8042A6D1D0500E901A0 /* PBXContainerItemProxy */;
		};
/* End PBXTargetDependency section */

/* Begin PBXVariantGroup section */
		E1C7D7F12A6D1D0500E901A0 /* LaunchScreen.storyboard */ = {
			isa = PBXVariantGroup;
			children = (
				E1C7D7F22A6D1D0500E901A0 /* Base */,
			);
			name = LaunchScreen.storyboard;
			sourceTree = "<group>";
		};
/* End PBXVariantGroup section */

/* Begin XCBuildConfiguration section */
		E1C7D80B2A6D1D0500E901A0 /* Debug */ = {
			isa = XCBuildConfiguration;
			buildSettings = {
				ALWAYS_SEARCH_USER_PATHS = NO;
				CLANG_ANALYZER_NONNULL = YES;
				CLANG_ANALYZER_NUMBER_OBJECT_CONVERSION = YES_AGGRESSIVE;
				CLANG_CXX_LANGUAGE_STANDARD = "gnu++20";
				CLANG_ENABLE_MODULES = YES;
				CLANG_ENABLE_OBJC_ARC = YES;
				CLANG_ENABLE_OBJC_WEAK = YES;
				CLANG_WARN_BLOCK_CAPTURE_AUTORELEASING = YES;
				CLANG_WARN_BOOL_CONVERSION = YES;
				CLANG_WARN_COMMA = YES;
				CLANG_WARN_CONSTANT_CONVERSION = YES;
				CLANG_WARN_DEPRECATED_OBJC_IMPLEMENTATIONS = YES;
				CLANG_WARN_DIRECT_OBJC_ISA_USAGE = YES_ERROR;
				CLANG_WARN_DOCUMENTATION_COMMENTS = YES;
				CLANG_WARN_EMPTY_BODY = YES;
				CLANG_WARN_ENUM_CONVERSION = YES;
				CLANG_WARN_INFINITE_RECURSION = YES;
				CLANG_WARN_INT_CONVERSION = YES;
				CLANG_WARN_NON_LITERAL_NULL_CONVERSION = YES;
				CLANG_WARN_OBJC_IMPLICIT_RETAIN_SELF = YES;
				CLANG_WARN_OBJC_LITERAL_CONVERSION = YES;
				CLANG_WARN_OBJC_ROOT_CLASS = YES_ERROR;
				CLANG_WARN_QUOTED_INCLUDE_IN_FRAMEWORK_HEADER = YES;
				CLANG_WARN_RANGE_LOOP_ANALYSIS = YES;
				CLANG_WARN_STRICT_PROTOTYPES = YES;
				CLANG_WARN_SUSPICIOUS_MOVE = YES;
				CLANG_WARN_UNGUARDED_AVAILABILITY = YES_AGGRESSIVE;
				CLANG_WARN_UNREACHABLE_CODE = YES;
				CLANG_WARN__DUPLICATE_METHOD_MATCH = YES;
				COPY_PHASE_STRIP = NO;
				DEBUG_INFORMATION_FORMAT = dwarf;
				ENABLE_STRICT_OBJC_MSGSEND = YES;
				ENABLE_TESTABILITY = YES;
				GCC_C_LANGUAGE_STANDARD = gnu11;
				GCC_DYNAMIC_NO_PIC = NO;
				GCC_NO_COMMON_BLOCKS = YES;
				GCC_OPTIMIZATION_LEVEL = 0;
				GCC_PREPROCESSOR_DEFINITIONS = (
					"DEBUG=1",
					"$(inherited)",
				);
				GCC_WARN_64_TO_32_BIT_CONVERSION = YES;
				GCC_WARN_ABOUT_RETURN_TYPE = YES_ERROR;
				GCC_WARN_UNDECLARED_SELECTOR = YES;
				GCC_WARN_UNINITIALIZED_AUTOS = YES_AGGRESSIVE;
				GCC_WARN_UNUSED_FUNCTION = YES;
				GCC_WARN_UNUSED_VARIABLE = YES;
				IPHONEOS_DEPLOYMENT_TARGET = 16.4;
				MTL_ENABLE_DEBUG_INFO = INCLUDE_SOURCE;
				MTL_FAST_MATH = YES;
				ONLY_ACTIVE_ARCH = YES;
				SDKROOT = iphoneos;
				SWIFT_ACTIVE_COMPILATION_CONDITIONS = DEBUG;
				SWIFT_OPTIMIZATION_LEVEL = "-Onone";
			};
			name = Debug;
		};
		E1C7D80C2A6D1D0500E901A0 /* Release */ = {
			isa = XCBuildConfiguration;
			buildSettings = {
				ALWAYS_SEARCH_USER_PATHS = NO;
				CLANG_ANALYZER_NONNULL = YES;
				CLANG_ANALYZER_NUMBER_OBJECT_CONVERSION = YES_AGGRESSIVE;
				CLANG_CXX_LANGUAGE_STANDARD = "gnu++20";
				CLANG_ENABLE_MODULES = YES;
				CLANG_ENABLE_OBJC_ARC = YES;
				CLANG_ENABLE_OBJC_WEAK = YES;
				CLANG_WARN_BLOCK_CAPTURE_AUTORELEASING = YES;
				CLANG_WARN_BOOL_CONVERSION = YES;
				CLANG_WARN_COMMA = YES;
				CLANG_WARN_CONSTANT_CONVERSION = YES;
				CLANG_WARN_DEPRECATED_OBJC_IMPLEMENTATIONS = YES;
				CLANG_WARN_DIRECT_OBJC_ISA_USAGE = YES_ERROR;
				CLANG_WARN_DOCUMENTATION_COMMENTS = YES;
				CLANG_WARN_EMPTY_BODY = YES;
				CLANG_WARN_ENUM_CONVERSION = YES;
				CLANG_WARN_INFINITE_RECURSION = YES;
				CLANG_WARN_INT_CONVERSION = YES;
				CLANG_WARN_NON_LITERAL_NULL_CONVERSION = YES;
				CLANG_WARN_OBJC_IMPLICIT_RETAIN_SELF = YES;
				CLANG_WARN_OBJC_LITERAL_CONVERSION = YES;
				CLANG_WARN_OBJC_ROOT_CLASS = YES_ERROR;
				CLANG_WARN_QUOTED_INCLUDE_IN_FRAMEWORK_HEADER = YES;
				CLANG_WARN_RANGE_LOOP_ANALYSIS = YES;
				CLANG_WARN_STRICT_PROTOTYPES = YES;
				CLANG_WARN_SUSPICIOUS_MOVE = YES;
				CLANG_WARN_UNGUARDED_AVAILABILITY = YES_AGGRESSIVE;
				CLANG_WARN_UNREACHABLE_CODE = YES;
				CLANG_WARN__DUPLICATE_METHOD_MATCH = YES;
				COPY_PHASE_STRIP = NO;
				DEBUG_INFORMATION_FORMAT = "dwarf-with-dsym";
				ENABLE_NS_ASSERTIONS = NO;
				ENABLE_STRICT_OBJC_MSGSEND = YES;
				GCC_C_LANGUAGE_STANDARD = gnu11;
				GCC_NO_COMMON_BLOCKS = YES;
				GCC_WARN_64_TO_32_BIT_CONVERSION = YES;
				GCC_WARN_ABOUT_RETURN_TYPE = YES_ERROR;
				GCC_WARN_UNDECLARED_SELECTOR = YES;
				GCC_WARN_UNINITIALIZED_AUTOS = YES_AGGRESSIVE;
				GCC_WARN_UNUSED_FUNCTION = YES;
				GCC_WARN_UNUSED_VARIABLE = YES;
				IPHONEOS_DEPLOYMENT_TARGET = 16.4;
				MTL_ENABLE_DEBUG_INFO = NO;
				MTL_FAST_MATH = YES;
				SDKROOT = iphoneos;
				SWIFT_COMPILATION_MODE = wholemodule;
				SWIFT_OPTIMIZATION_LEVEL = "-O";
				VALIDATE_PRODUCT = YES;
			};
			name = Release;
		};
		E1C7D80E2A6D1D0500E901A0 /* Debug */ = {
			isa = XCBuildConfiguration;
			baseConfigurationReference = 27C96C0C898111F2172EB15C /* Pods-GeekWhat2Do.debug.xcconfig */;
			buildSettings = {
				ASSETCATALOG_COMPILER_APPICON_NAME = AppIcon;
				ASSETCATALOG_COMPILER_GLOBAL_ACCENT_COLOR_NAME = AccentColor;
				CODE_SIGN_STYLE = Automatic;
				CURRENT_PROJECT_VERSION = 1;
				DEVELOPMENT_TEAM = W365P37L92;
				GENERATE_INFOPLIST_FILE = YES;
				INFOPLIST_FILE = GeekWhat2Do/Info.plist;
				INFOPLIST_KEY_UIApplicationSupportsIndirectInputEvents = YES;
				INFOPLIST_KEY_UILaunchStoryboardName = LaunchScreen;
				INFOPLIST_KEY_UISupportedInterfaceOrientations_iPad = "UIInterfaceOrientationPortrait UIInterfaceOrientationPortraitUpsideDown UIInterfaceOrientationLandscapeLeft UIInterfaceOrientationLandscapeRight";
				INFOPLIST_KEY_UISupportedInterfaceOrientations_iPhone = "UIInterfaceOrientationPortrait UIInterfaceOrientationLandscapeLeft UIInterfaceOrientationLandscapeRight";
				LD_RUNPATH_SEARCH_PATHS = (
					"$(inherited)",
					"@executable_path/Frameworks",
				);
				MARKETING_VERSION = 1.0;
				PRODUCT_BUNDLE_IDENTIFIER = "Gkin-Product.GeekWhat2Do";
				PRODUCT_NAME = "$(TARGET_NAME)";
				SWIFT_EMIT_LOC_STRINGS = YES;
				SWIFT_VERSION = 5.0;
				TARGETED_DEVICE_FAMILY = "1,2";
			};
			name = Debug;
		};
		E1C7D80F2A6D1D0500E901A0 /* Release */ = {
			isa = XCBuildConfiguration;
			baseConfigurationReference = FECC2CB3F0B6BADA631E5DF1 /* Pods-GeekWhat2Do.release.xcconfig */;
			buildSettings = {
				ASSETCATALOG_COMPILER_APPICON_NAME = AppIcon;
				ASSETCATALOG_COMPILER_GLOBAL_ACCENT_COLOR_NAME = AccentColor;
				CODE_SIGN_STYLE = Automatic;
				CURRENT_PROJECT_VERSION = 1;
				DEVELOPMENT_TEAM = W365P37L92;
				GENERATE_INFOPLIST_FILE = YES;
				INFOPLIST_FILE = GeekWhat2Do/Info.plist;
				INFOPLIST_KEY_UIApplicationSupportsIndirectInputEvents = YES;
				INFOPLIST_KEY_UILaunchStoryboardName = LaunchScreen;
				INFOPLIST_KEY_UISupportedInterfaceOrientations_iPad = "UIInterfaceOrientationPortrait UIInterfaceOrientationPortraitUpsideDown UIInterfaceOrientationLandscapeLeft UIInterfaceOrientationLandscapeRight";
				INFOPLIST_KEY_UISupportedInterfaceOrientations_iPhone = "UIInterfaceOrientationPortrait UIInterfaceOrientationLandscapeLeft UIInterfaceOrientationLandscapeRight";
				LD_RUNPATH_SEARCH_PATHS = (
					"$(inherited)",
					"@executable_path/Frameworks",
				);
				MARKETING_VERSION = 1.0;
				PRODUCT_BUNDLE_IDENTIFIER = "Gkin-Product.GeekWhat2Do";
				PRODUCT_NAME = "$(TARGET_NAME)";
				SWIFT_EMIT_LOC_STRINGS = YES;
				SWIFT_VERSION = 5.0;
				TARGETED_DEVICE_FAMILY = "1,2";
			};
			name = Release;
		};
		E1C7D8112A6D1D0500E901A0 /* Debug */ = {
			isa = XCBuildConfiguration;
			baseConfigurationReference = EBDBD3694C60FA7599538410 /* Pods-GeekWhat2DoTests.debug.xcconfig */;
			buildSettings = {
				ALWAYS_EMBED_SWIFT_STANDARD_LIBRARIES = YES;
				BUNDLE_LOADER = "$(TEST_HOST)";
				CODE_SIGN_STYLE = Automatic;
				CURRENT_PROJECT_VERSION = 1;
				DEVELOPMENT_TEAM = W365P37L92;
				GENERATE_INFOPLIST_FILE = YES;
				IPHONEOS_DEPLOYMENT_TARGET = 16.4;
				MARKETING_VERSION = 1.0;
				PRODUCT_BUNDLE_IDENTIFIER = "Gkin-Product.GeekWhat2DoTests";
				PRODUCT_NAME = "$(TARGET_NAME)";
				SWIFT_EMIT_LOC_STRINGS = NO;
				SWIFT_VERSION = 5.0;
				TARGETED_DEVICE_FAMILY = "1,2";
				TEST_HOST = "$(BUILT_PRODUCTS_DIR)/GeekWhat2Do.app/$(BUNDLE_EXECUTABLE_FOLDER_PATH)/GeekWhat2Do";
			};
			name = Debug;
		};
		E1C7D8122A6D1D0500E901A0 /* Release */ = {
			isa = XCBuildConfiguration;
			baseConfigurationReference = AB8423221CB818D551B22AED /* Pods-GeekWhat2DoTests.release.xcconfig */;
			buildSettings = {
				ALWAYS_EMBED_SWIFT_STANDARD_LIBRARIES = YES;
				BUNDLE_LOADER = "$(TEST_HOST)";
				CODE_SIGN_STYLE = Automatic;
				CURRENT_PROJECT_VERSION = 1;
				DEVELOPMENT_TEAM = W365P37L92;
				GENERATE_INFOPLIST_FILE = YES;
				IPHONEOS_DEPLOYMENT_TARGET = 16.4;
				MARKETING_VERSION = 1.0;
				PRODUCT_BUNDLE_IDENTIFIER = "Gkin-Product.GeekWhat2DoTests";
				PRODUCT_NAME = "$(TARGET_NAME)";
				SWIFT_EMIT_LOC_STRINGS = NO;
				SWIFT_VERSION = 5.0;
				TARGETED_DEVICE_FAMILY = "1,2";
				TEST_HOST = "$(BUILT_PRODUCTS_DIR)/GeekWhat2Do.app/$(BUNDLE_EXECUTABLE_FOLDER_PATH)/GeekWhat2Do";
			};
			name = Release;
		};
		E1C7D8142A6D1D0500E901A0 /* Debug */ = {
			isa = XCBuildConfiguration;
			baseConfigurationReference = A1A62D41356717BE19253A01 /* Pods-GeekWhat2Do-GeekWhat2DoUITests.debug.xcconfig */;
			buildSettings = {
				ALWAYS_EMBED_SWIFT_STANDARD_LIBRARIES = YES;
				CODE_SIGN_STYLE = Automatic;
				CURRENT_PROJECT_VERSION = 1;
				DEVELOPMENT_TEAM = W365P37L92;
				GENERATE_INFOPLIST_FILE = YES;
				MARKETING_VERSION = 1.0;
				PRODUCT_BUNDLE_IDENTIFIER = "Gkin-Product.GeekWhat2DoUITests";
				PRODUCT_NAME = "$(TARGET_NAME)";
				SWIFT_EMIT_LOC_STRINGS = NO;
				SWIFT_VERSION = 5.0;
				TARGETED_DEVICE_FAMILY = "1,2";
				TEST_TARGET_NAME = GeekWhat2Do;
			};
			name = Debug;
		};
		E1C7D8152A6D1D0500E901A0 /* Release */ = {
			isa = XCBuildConfiguration;
			baseConfigurationReference = EF8E7A75D0FF680BC4ABCF2D /* Pods-GeekWhat2Do-GeekWhat2DoUITests.release.xcconfig */;
			buildSettings = {
				ALWAYS_EMBED_SWIFT_STANDARD_LIBRARIES = YES;
				CODE_SIGN_STYLE = Automatic;
				CURRENT_PROJECT_VERSION = 1;
				DEVELOPMENT_TEAM = W365P37L92;
				GENERATE_INFOPLIST_FILE = YES;
				MARKETING_VERSION = 1.0;
				PRODUCT_BUNDLE_IDENTIFIER = "Gkin-Product.GeekWhat2DoUITests";
				PRODUCT_NAME = "$(TARGET_NAME)";
				SWIFT_EMIT_LOC_STRINGS = NO;
				SWIFT_VERSION = 5.0;
				TARGETED_DEVICE_FAMILY = "1,2";
				TEST_TARGET_NAME = GeekWhat2Do;
			};
			name = Release;
		};
/* End XCBuildConfiguration section */

/* Begin XCConfigurationList section */
		E1C7D7DE2A6D1D0100E901A0 /* Build configuration list for PBXProject "GeekWhat2Do" */ = {
			isa = XCConfigurationList;
			buildConfigurations = (
				E1C7D80B2A6D1D0500E901A0 /* Debug */,
				E1C7D80C2A6D1D0500E901A0 /* Release */,
			);
			defaultConfigurationIsVisible = 0;
			defaultConfigurationName = Release;
		};
		E1C7D80D2A6D1D0500E901A0 /* Build configuration list for PBXNativeTarget "GeekWhat2Do" */ = {
			isa = XCConfigurationList;
			buildConfigurations = (
				E1C7D80E2A6D1D0500E901A0 /* Debug */,
				E1C7D80F2A6D1D0500E901A0 /* Release */,
			);
			defaultConfigurationIsVisible = 0;
			defaultConfigurationName = Release;
		};
		E1C7D8102A6D1D0500E901A0 /* Build configuration list for PBXNativeTarget "GeekWhat2DoTests" */ = {
			isa = XCConfigurationList;
			buildConfigurations = (
				E1C7D8112A6D1D0500E901A0 /* Debug */,
				E1C7D8122A6D1D0500E901A0 /* Release */,
			);
			defaultConfigurationIsVisible = 0;
			defaultConfigurationName = Release;
		};
		E1C7D8132A6D1D0500E901A0 /* Build configuration list for PBXNativeTarget "GeekWhat2DoUITests" */ = {
			isa = XCConfigurationList;
			buildConfigurations = (
				E1C7D8142A6D1D0500E901A0 /* Debug */,
				E1C7D8152A6D1D0500E901A0 /* Release */,
			);
			defaultConfigurationIsVisible = 0;
			defaultConfigurationName = Release;
		};
/* End XCConfigurationList section */
	};
	rootObject = E1C7D7DB2A6D1D0100E901A0 /* Project object */;
}
